<?xml version="1.0" encoding="utf-8"?>
<Project ToolsVersion="4.0" xmlns="http://schemas.microsoft.com/developer/msbuild/2003">
  <ItemGroup>
    <Filter Include="Wonder">
      <UniqueIdentifier>{F47BE6DA-E01D-11B1-C9D8-2405B5199801}</UniqueIdentifier>
    </Filter>
  </ItemGroup>
  <ItemGroup>
    <ClInclude Include="src\Wonder.h" />
    <ClInclude Include="src\Wonder\Application.h">
      <Filter>Wonder</Filter>
    </ClInclude>
    <ClInclude Include="src\Wonder\Core.h">
      <Filter>Wonder</Filter>
    </ClInclude>
    <ClInclude Include="src\Wonder\EntryPoint.h">
      <Filter>Wonder</Filter>
    </ClInclude>
    <ClInclude Include="src\Wonder\Log.h">
      <Filter>Wonder</Filter>
    </ClInclude>
  </ItemGroup>
  <ItemGroup>
    <ClCompile Include="src\Wonder\Application.cpp">
      <Filter>Wonder</Filter>
    </ClCompile>
    <ClCompile Include="src\Wonder\Log.cpp">
      <Filter>Wonder</Filter>
    </ClCompile>
  </ItemGroup>
</Project>